
Microsoft Visual Studio Solution File, Format Version 12.00
Project("{FAE04EC0-301F-11D3-BF4B-00C04F79EFBC}") = "TodoMVC", "TodoMVC.csproj", "{08AC8829-5F1B-41EE-A391-E9087B9A36FA}"
EndProject
Global
	GlobalSection(SolutionConfigurationPlatforms) = preSolution
		Debug|Any CPU = Debug|Any CPU
		Release|Any CPU = Release|Any CPU
	EndGlobalSection
	GlobalSection(ProjectConfigurationPlatforms) = postSolution
		{08AC8829-5F1B-41EE-A391-E9087B9A36FA}.Debug|Any CPU.ActiveCfg = Debug|Any CPU
		{08AC8829-5F1B-41EE-A391-E9087B9A36FA}.Debug|Any CPU.Build.0 = Debug|Any CPU
		{08AC8829-5F1B-41EE-A391-E9087B9A36FA}.Release|Any CPU.ActiveCfg = Release|Any CPU
		{08AC8829-5F1B-41EE-A391-E9087B9A36FA}.Release|Any CPU.Build.0 = Release|Any CPU
	EndGlobalSection
EndGlobal
